schema: '2.0'
stages:
  get_data:
    cmd: python get_data.py
    deps:
    - path: get_data.py
      hash: md5
      md5: ab5363ee70f6bb6a4b8bddaaaf206506
      size: 703
    outs:
    - path: ../../artifacts/ca_house_prediction/data/housing.csv
      hash: md5
      md5: d1c47305887e2252bf1ccbd74ff159a6
      size: 1423529
  prepare:
    cmd: python prepare_data.py
    deps:
    - path: ../../artifacts/ca_house_prediction/data/housing.csv
      hash: md5
      md5: d1c47305887e2252bf1ccbd74ff159a6
      size: 1423529
    - path: prepare_data.py
      hash: md5
      md5: 31597acf25166eb9cd2566c77b9c0a8a
      size: 1383
    outs:
    - path: ../../artifacts/ca_house_prediction/data/X_test.csv
      hash: md5
      md5: 096dc4b921c8f6b27c7a8dbfa8219593
      size: 32156
    - path: ../../artifacts/ca_house_prediction/data/X_train.csv
      hash: md5
      md5: 74cc03e92f13153658531506ea429929
      size: 128804
    - path: ../../artifacts/ca_house_prediction/data/y_test.csv
      hash: md5
      md5: bc2f417c379a0e10918dfed167aaaad8
      size: 40563
    - path: ../../artifacts/ca_house_prediction/data/y_train.csv
      hash: md5
      md5: 84eb54b3506b5e08b50e141c2f6cb617
      size: 162267
  train:
    cmd: python train_model.py
    deps:
    - path: ../../artifacts/ca_house_prediction/data/X_train.csv
      hash: md5
      md5: 74cc03e92f13153658531506ea429929
      size: 128804
    - path: ../../artifacts/ca_house_prediction/data/y_train.csv
      hash: md5
      md5: 84eb54b3506b5e08b50e141c2f6cb617
      size: 162267
    - path: train_model.py
      hash: md5
      md5: aacfa134ea94e64aecb0805ebf0aabbf
      size: 576
    outs:
    - path: ../../artifacts/ca_house_prediction/models/model.pkl
      hash: md5
      md5: 5ba5e0930d648745660ec719e582acfd
      size: 833
  evaluate:
    cmd: python evaluate_model.py
    deps:
    - path: ../../artifacts/ca_house_prediction/data/X_test.csv
      hash: md5
      md5: 096dc4b921c8f6b27c7a8dbfa8219593
      size: 32156
    - path: ../../artifacts/ca_house_prediction/data/y_test.csv
      hash: md5
      md5: bc2f417c379a0e10918dfed167aaaad8
      size: 40563
    - path: ../../artifacts/ca_house_prediction/models/model.pkl
      hash: md5
      md5: 5ba5e0930d648745660ec719e582acfd
      size: 833
    - path: evaluate_model.py
      hash: md5
      md5: c79ca6c1ecc44e2c7d25fd8c99134e56
      size: 1325
    outs:
    - path: ../../artifacts/ca_house_prediction/metrics/metrics.json
      hash: md5
      md5: f2db58f83cd0f03a8298e9b7c9965220
      size: 181
